// !$*UTF8*$!
{
	archiveVersion = 1;
	classes = {
	};
	objectVersion = 55;
	objects = {

/* Begin PBXBuildFile section */
		044B4249296AE97500E233ED /* OutgoingMessages.swift in Sources */ = {isa = PBXBuildFile; fileRef = 044B4248296AE97500E233ED /* OutgoingMessages.swift */; };
		044B424B296AEB1200E233ED /* Messages.storyboard in Resources */ = {isa = PBXBuildFile; fileRef = 044B424A296AEB1200E233ED /* Messages.storyboard */; };
		044B424D296AEBA700E233ED /* MessageVC.swift in Sources */ = {isa = PBXBuildFile; fileRef = 044B424C296AEBA700E233ED /* MessageVC.swift */; };
		044B424F296AF94800E233ED /* MyMessageTVCell.swift in Sources */ = {isa = PBXBuildFile; fileRef = 044B424E296AF94800E233ED /* MyMessageTVCell.swift */; };
		044B4251296AFA9200E233ED /* MyFriendsMessageTVCell.swift in Sources */ = {isa = PBXBuildFile; fileRef = 044B4250296AFA9200E233ED /* MyFriendsMessageTVCell.swift */; };
		047A6E8F2969EC2300E831BE /* Refrences.swift in Sources */ = {isa = PBXBuildFile; fileRef = 047A6E8B2969EC2300E831BE /* Refrences.swift */; };
		047A6E902969EC2300E831BE /* FMessage.swift in Sources */ = {isa = PBXBuildFile; fileRef = 047A6E8C2969EC2300E831BE /* FMessage.swift */; };
		047A6E912969EC2300E831BE /* FRecent.swift in Sources */ = {isa = PBXBuildFile; fileRef = 047A6E8D2969EC2300E831BE /* FRecent.swift */; };
		047A6E922969EC2300E831BE /* FMessageType.swift in Sources */ = {isa = PBXBuildFile; fileRef = 047A6E8E2969EC2300E831BE /* FMessageType.swift */; };
		047E414D2964A85D0003B288 /* AppDelegate.swift in Sources */ = {isa = PBXBuildFile; fileRef = 047E414C2964A85D0003B288 /* AppDelegate.swift */; };
		047E414F2964A85D0003B288 /* SceneDelegate.swift in Sources */ = {isa = PBXBuildFile; fileRef = 047E414E2964A85D0003B288 /* SceneDelegate.swift */; };
		047E41512964A85D0003B288 /* MainVC.swift in Sources */ = {isa = PBXBuildFile; fileRef = 047E41502964A85D0003B288 /* MainVC.swift */; };
		047E41542964A85D0003B288 /* Main.storyboard in Resources */ = {isa = PBXBuildFile; fileRef = 047E41522964A85D0003B288 /* Main.storyboard */; };
		047E41562964A85F0003B288 /* Assets.xcassets in Resources */ = {isa = PBXBuildFile; fileRef = 047E41552964A85F0003B288 /* Assets.xcassets */; };
		047E41592964A85F0003B288 /* LaunchScreen.storyboard in Resources */ = {isa = PBXBuildFile; fileRef = 047E41572964A85F0003B288 /* LaunchScreen.storyboard */; };
		0487611F29689C0C00C331AA /* GoogleService-Info.plist in Resources */ = {isa = PBXBuildFile; fileRef = 0487611E29689C0C00C331AA /* GoogleService-Info.plist */; };
		0487612129689DF400C331AA /* Users.storyboard in Resources */ = {isa = PBXBuildFile; fileRef = 0487612029689DF400C331AA /* Users.storyboard */; };
		048761232968A23900C331AA /* UserTVCell.swift in Sources */ = {isa = PBXBuildFile; fileRef = 048761222968A23900C331AA /* UserTVCell.swift */; };
		048761252968A31700C331AA /* UsersVC.swift in Sources */ = {isa = PBXBuildFile; fileRef = 048761242968A31700C331AA /* UsersVC.swift */; };
		04C240B62965E745007DFB3B /* Constants.swift in Sources */ = {isa = PBXBuildFile; fileRef = 04C240B32965E745007DFB3B /* Constants.swift */; };
		04C240B72965E745007DFB3B /* HelperFunctions.swift in Sources */ = {isa = PBXBuildFile; fileRef = 04C240B42965E745007DFB3B /* HelperFunctions.swift */; };
		04C240B92965E74F007DFB3B /* FUser.swift in Sources */ = {isa = PBXBuildFile; fileRef = 04C240B82965E74F007DFB3B /* FUser.swift */; };
		B67EA8238283CA86A2A90972 /* Pods_Chat_Bee.framework in Frameworks */ = {isa = PBXBuildFile; fileRef = 214F6E3AF992021DD1D44495 /* Pods_Chat_Bee.framework */; };
/* End PBXBuildFile section */

/* Begin PBXFileReference section */
		044B4248296AE97500E233ED /* OutgoingMessages.swift */ = {isa = PBXFileReference; fileEncoding = 4; lastKnownFileType = sourcecode.swift; name = OutgoingMessages.swift; path = "../../ios course/lvl33/m.arafa/Desktop/iOS Diploma/LVL 3/17/RealZagChat/Model/OutgoingMessages.swift"; sourceTree = "<group>"; };
		044B424A296AEB1200E233ED /* Messages.storyboard */ = {isa = PBXFileReference; lastKnownFileType = file.storyboard; path = Messages.storyboard; sourceTree = "<group>"; };
		044B424C296AEBA700E233ED /* MessageVC.swift */ = {isa = PBXFileReference; lastKnownFileType = sourcecode.swift; path = MessageVC.swift; sourceTree = "<group>"; };
		044B424E296AF94800E233ED /* MyMessageTVCell.swift */ = {isa = PBXFileReference; lastKnownFileType = sourcecode.swift; path = MyMessageTVCell.swift; sourceTree = "<group>"; };
		044B4250296AFA9200E233ED /* MyFriendsMessageTVCell.swift */ = {isa = PBXFileReference; lastKnownFileType = sourcecode.swift; path = MyFriendsMessageTVCell.swift; sourceTree = "<group>"; };
		047A6E8B2969EC2300E831BE /* Refrences.swift */ = {isa = PBXFileReference; fileEncoding = 4; lastKnownFileType = sourcecode.swift; name = Refrences.swift; path = "../../ios course/lvl32/m.arafa/Desktop/iOS Diploma/LVL 3/16/RealZagChat/Model/Refrences.swift"; sourceTree = "<group>"; };
		047A6E8C2969EC2300E831BE /* FMessage.swift */ = {isa = PBXFileReference; fileEncoding = 4; lastKnownFileType = sourcecode.swift; name = FMessage.swift; path = "../../ios course/lvl32/m.arafa/Desktop/iOS Diploma/LVL 3/16/RealZagChat/Model/FMessage.swift"; sourceTree = "<group>"; };
		047A6E8D2969EC2300E831BE /* FRecent.swift */ = {isa = PBXFileReference; fileEncoding = 4; lastKnownFileType = sourcecode.swift; name = FRecent.swift; path = "../../ios course/lvl32/m.arafa/Desktop/iOS Diploma/LVL 3/16/RealZagChat/Model/FRecent.swift"; sourceTree = "<group>"; };
		047A6E8E2969EC2300E831BE /* FMessageType.swift */ = {isa = PBXFileReference; fileEncoding = 4; lastKnownFileType = sourcecode.swift; name = FMessageType.swift; path = "../../ios course/lvl32/m.arafa/Desktop/iOS Diploma/LVL 3/16/RealZagChat/Model/FMessageType.swift"; sourceTree = "<group>"; };
		047E41492964A85D0003B288 /* Chat-Bee.app */ = {isa = PBXFileReference; explicitFileType = wrapper.application; includeInIndex = 0; path = "Chat-Bee.app"; sourceTree = BUILT_PRODUCTS_DIR; };
		047E414C2964A85D0003B288 /* AppDelegate.swift */ = {isa = PBXFileReference; lastKnownFileType = sourcecode.swift; path = AppDelegate.swift; sourceTree = "<group>"; };
		047E414E2964A85D0003B288 /* SceneDelegate.swift */ = {isa = PBXFileReference; lastKnownFileType = sourcecode.swift; path = SceneDelegate.swift; sourceTree = "<group>"; };
		047E41502964A85D0003B288 /* MainVC.swift */ = {isa = PBXFileReference; lastKnownFileType = sourcecode.swift; path = MainVC.swift; sourceTree = "<group>"; };
		047E41532964A85D0003B288 /* Base */ = {isa = PBXFileReference; lastKnownFileType = file.storyboard; name = Base; path = Base.lproj/Main.storyboard; sourceTree = "<group>"; };
		047E41552964A85F0003B288 /* Assets.xcassets */ = {isa = PBXFileReference; lastKnownFileType = folder.assetcatalog; path = Assets.xcassets; sourceTree = "<group>"; };
		047E41582964A85F0003B288 /* Base */ = {isa = PBXFileReference; lastKnownFileType = file.storyboard; name = Base; path = Base.lproj/LaunchScreen.storyboard; sourceTree = "<group>"; };
		047E415A2964A85F0003B288 /* Info.plist */ = {isa = PBXFileReference; lastKnownFileType = text.plist.xml; path = Info.plist; sourceTree = "<group>"; };
		0487611E29689C0C00C331AA /* GoogleService-Info.plist */ = {isa = PBXFileReference; fileEncoding = 4; lastKnownFileType = text.plist.xml; name = "GoogleService-Info.plist"; path = "../../GoogleService-Info.plist"; sourceTree = "<group>"; };
		0487612029689DF400C331AA /* Users.storyboard */ = {isa = PBXFileReference; lastKnownFileType = file.storyboard; path = Users.storyboard; sourceTree = "<group>"; };
		048761222968A23900C331AA /* UserTVCell.swift */ = {isa = PBXFileReference; lastKnownFileType = sourcecode.swift; path = UserTVCell.swift; sourceTree = "<group>"; };
		048761242968A31700C331AA /* UsersVC.swift */ = {isa = PBXFileReference; lastKnownFileType = sourcecode.swift; path = UsersVC.swift; sourceTree = "<group>"; };
		04C240B32965E745007DFB3B /* Constants.swift */ = {isa = PBXFileReference; fileEncoding = 4; lastKnownFileType = sourcecode.swift; name = Constants.swift; path = "../../ios course/lvl31/m.arafa/Desktop/iOS Diploma/LVL 3/15/RealZagChat/Helper/Constants.swift"; sourceTree = "<group>"; };
		04C240B42965E745007DFB3B /* HelperFunctions.swift */ = {isa = PBXFileReference; fileEncoding = 4; lastKnownFileType = sourcecode.swift; name = HelperFunctions.swift; path = "../../ios course/lvl31/m.arafa/Desktop/iOS Diploma/LVL 3/15/RealZagChat/Helper/HelperFunctions.swift"; sourceTree = "<group>"; };
		04C240B82965E74F007DFB3B /* FUser.swift */ = {isa = PBXFileReference; fileEncoding = 4; lastKnownFileType = sourcecode.swift; name = FUser.swift; path = "../../ios course/lvl31/m.arafa/Desktop/iOS Diploma/LVL 3/15/RealZagChat/Model/FUser.swift"; sourceTree = "<group>"; };
		0A1083DD0B0C26EE6F1FECD1 /* Pods-Chat-Bee.debug.xcconfig */ = {isa = PBXFileReference; includeInIndex = 1; lastKnownFileType = text.xcconfig; name = "Pods-Chat-Bee.debug.xcconfig"; path = "Target Support Files/Pods-Chat-Bee/Pods-Chat-Bee.debug.xcconfig"; sourceTree = "<group>"; };
		214F6E3AF992021DD1D44495 /* Pods_Chat_Bee.framework */ = {isa = PBXFileReference; explicitFileType = wrapper.framework; includeInIndex = 0; path = Pods_Chat_Bee.framework; sourceTree = BUILT_PRODUCTS_DIR; };
		A602684684FC40D4F33100B2 /* Pods-Chat-Bee.release.xcconfig */ = {isa = PBXFileReference; includeInIndex = 1; lastKnownFileType = text.xcconfig; name = "Pods-Chat-Bee.release.xcconfig"; path = "Target Support Files/Pods-Chat-Bee/Pods-Chat-Bee.release.xcconfig"; sourceTree = "<group>"; };
/* End PBXFileReference section */

/* Begin PBXFrameworksBuildPhase section */
		047E41462964A85D0003B288 /* Frameworks */ = {
			isa = PBXFrameworksBuildPhase;
			buildActionMask = 2147483647;
			files = (
				B67EA8238283CA86A2A90972 /* Pods_Chat_Bee.framework in Frameworks */,
			);
			runOnlyForDeploymentPostprocessing = 0;
		};
/* End PBXFrameworksBuildPhase section */

/* Begin PBXGroup section */
		001D2DE401FABA8E1401CA14 /* Frameworks */ = {
			isa = PBXGroup;
			children = (
				214F6E3AF992021DD1D44495 /* Pods_Chat_Bee.framework */,
			);
			name = Frameworks;
			sourceTree = "<group>";
		};
		047E41402964A85D0003B288 = {
			isa = PBXGroup;
			children = (
				047E41642964A8FD0003B288 /* Delegate */,
				047E41632964A8A90003B288 /* Model */,
				047E41622964A8940003B288 /* View */,
				047E41612964A88A0003B288 /* Controller */,
				047E41602964A8800003B288 /* Helper */,
				047E414B2964A85D0003B288 /* Chat-Bee */,
				047E414A2964A85D0003B288 /* Products */,
				B1D54647E5FFCB99F6F9B163 /* Pods */,
				001D2DE401FABA8E1401CA14 /* Frameworks */,
			);
			sourceTree = "<group>";
		};
		047E414A2964A85D0003B288 /* Products */ = {
			isa = PBXGroup;
			children = (
				047E41492964A85D0003B288 /* Chat-Bee.app */,
			);
			name = Products;
			sourceTree = "<group>";
		};
		047E414B2964A85D0003B288 /* Chat-Bee */ = {
			isa = PBXGroup;
			children = (
				047E41552964A85F0003B288 /* Assets.xcassets */,
				047E415A2964A85F0003B288 /* Info.plist */,
				0487611E29689C0C00C331AA /* GoogleService-Info.plist */,
			);
			path = "Chat-Bee";
			sourceTree = "<group>";
		};
		047E41602964A8800003B288 /* Helper */ = {
			isa = PBXGroup;
			children = (
				04C240B32965E745007DFB3B /* Constants.swift */,
				04C240B42965E745007DFB3B /* HelperFunctions.swift */,
			);
			path = Helper;
			sourceTree = "<group>";
		};
		047E41612964A88A0003B288 /* Controller */ = {
			isa = PBXGroup;
			children = (
				047E41502964A85D0003B288 /* MainVC.swift */,
				048761222968A23900C331AA /* UserTVCell.swift */,
				048761242968A31700C331AA /* UsersVC.swift */,
				044B424C296AEBA700E233ED /* MessageVC.swift */,
				044B424E296AF94800E233ED /* MyMessageTVCell.swift */,
				044B4250296AFA9200E233ED /* MyFriendsMessageTVCell.swift */,
			);
			path = Controller;
			sourceTree = "<group>";
		};
		047E41622964A8940003B288 /* View */ = {
			isa = PBXGroup;
			children = (
				047E41652964A92E0003B288 /* Storyboards */,
			);
			path = View;
			sourceTree = "<group>";
		};
		047E41632964A8A90003B288 /* Model */ = {
			isa = PBXGroup;
			children = (
				044B4248296AE97500E233ED /* OutgoingMessages.swift */,
				04C240B82965E74F007DFB3B /* FUser.swift */,
				047A6E8C2969EC2300E831BE /* FMessage.swift */,
				047A6E8E2969EC2300E831BE /* FMessageType.swift */,
				047A6E8D2969EC2300E831BE /* FRecent.swift */,
				047A6E8B2969EC2300E831BE /* Refrences.swift */,
			);
			path = Model;
			sourceTree = "<group>";
		};
		047E41642964A8FD0003B288 /* Delegate */ = {
			isa = PBXGroup;
			children = (
				047E414C2964A85D0003B288 /* AppDelegate.swift */,
				047E414E2964A85D0003B288 /* SceneDelegate.swift */,
			);
			path = Delegate;
			sourceTree = "<group>";
		};
		047E41652964A92E0003B288 /* Storyboards */ = {
			isa = PBXGroup;
			children = (
				047E41522964A85D0003B288 /* Main.storyboard */,
				0487612029689DF400C331AA /* Users.storyboard */,
				047E41572964A85F0003B288 /* LaunchScreen.storyboard */,
				044B424A296AEB1200E233ED /* Messages.storyboard */,
			);
			path = Storyboards;
			sourceTree = "<group>";
		};
		B1D54647E5FFCB99F6F9B163 /* Pods */ = {
			isa = PBXGroup;
			children = (
				0A1083DD0B0C26EE6F1FECD1 /* Pods-Chat-Bee.debug.xcconfig */,
				A602684684FC40D4F33100B2 /* Pods-Chat-Bee.release.xcconfig */,
			);
			path = Pods;
			sourceTree = "<group>";
		};
/* End PBXGroup section */

/* Begin PBXNativeTarget section */
		047E41482964A85D0003B288 /* Chat-Bee */ = {
			isa = PBXNativeTarget;
			buildConfigurationList = 047E415D2964A85F0003B288 /* Build configuration list for PBXNativeTarget "Chat-Bee" */;
			buildPhases = (
				25AAAA3BDF8C45567CC3E2FA /* [CP] Check Pods Manifest.lock */,
				047E41452964A85D0003B288 /* Sources */,
				047E41462964A85D0003B288 /* Frameworks */,
				047E41472964A85D0003B288 /* Resources */,
				21F1E7AD4BA839B3EB4BB675 /* [CP] Embed Pods Frameworks */,
			);
			buildRules = (
			);
			dependencies = (
			);
			name = "Chat-Bee";
			productName = "Chat-Bee";
			productReference = 047E41492964A85D0003B288 /* Chat-Bee.app */;
			productType = "com.apple.product-type.application";
		};
/* End PBXNativeTarget section */

/* Begin PBXProject section */
		047E41412964A85D0003B288 /* Project object */ = {
			isa = PBXProject;
			attributes = {
				BuildIndependentTargetsInParallel = 1;
				LastSwiftUpdateCheck = 1320;
				LastUpgradeCheck = 1320;
				TargetAttributes = {
					047E41482964A85D0003B288 = {
						CreatedOnToolsVersion = 13.2.1;
					};
				};
			};
			buildConfigurationList = 047E41442964A85D0003B288 /* Build configuration list for PBXProject "Chat-Bee" */;
			compatibilityVersion = "Xcode 13.0";
			developmentRegion = en;
			hasScannedForEncodings = 0;
			knownRegions = (
				en,
				Base,
			);
			mainGroup = 047E41402964A85D0003B288;
			productRefGroup = 047E414A2964A85D0003B288 /* Products */;
			projectDirPath = "";
			projectRoot = "";
			targets = (
				047E41482964A85D0003B288 /* Chat-Bee */,
			);
		};
/* End PBXProject section */

/* Begin PBXResourcesBuildPhase section */
		047E41472964A85D0003B288 /* Resources */ = {
			isa = PBXResourcesBuildPhase;
			buildActionMask = 2147483647;
			files = (
				044B424B296AEB1200E233ED /* Messages.storyboard in Resources */,
				047E41592964A85F0003B288 /* LaunchScreen.storyboard in Resources */,
				0487612129689DF400C331AA /* Users.storyboard in Resources */,
				0487611F29689C0C00C331AA /* GoogleService-Info.plist in Resources */,
				047E41562964A85F0003B288 /* Assets.xcassets in Resources */,
				047E41542964A85D0003B288 /* Main.storyboard in Resources */,
			);
			runOnlyForDeploymentPostprocessing = 0;
		};
/* End PBXResourcesBuildPhase section */

/* Begin PBXShellScriptBuildPhase section */
		21F1E7AD4BA839B3EB4BB675 /* [CP] Embed Pods Frameworks */ = {
			isa = PBXShellScriptBuildPhase;
			buildActionMask = 2147483647;
			files = (
			);
			inputFileListPaths = (
				"${PODS_ROOT}/Target Support Files/Pods-Chat-Bee/Pods-Chat-Bee-frameworks-${CONFIGURATION}-input-files.xcfilelist",
			);
			name = "[CP] Embed Pods Frameworks";
			outputFileListPaths = (
				"${PODS_ROOT}/Target Support Files/Pods-Chat-Bee/Pods-Chat-Bee-frameworks-${CONFIGURATION}-output-files.xcfilelist",
			);
			runOnlyForDeploymentPostprocessing = 0;
			shellPath = /bin/sh;
			shellScript = "\"${PODS_ROOT}/Target Support Files/Pods-Chat-Bee/Pods-Chat-Bee-frameworks.sh\"\n";
			showEnvVarsInLog = 0;
		};
		25AAAA3BDF8C45567CC3E2FA /* [CP] Check Pods Manifest.lock */ = {
			isa = PBXShellScriptBuildPhase;
			buildActionMask = 2147483647;
			files = (
			);
			inputFileListPaths = (
			);
			inputPaths = (
				"${PODS_PODFILE_DIR_PATH}/Podfile.lock",
				"${PODS_ROOT}/Manifest.lock",
			);
			name = "[CP] Check Pods Manifest.lock";
			outputFileListPaths = (
			);
			outputPaths = (
				"$(DERIVED_FILE_DIR)/Pods-Chat-Bee-checkManifestLockResult.txt",
			);
			runOnlyForDeploymentPostprocessing = 0;
			shellPath = /bin/sh;
			shellScript = "diff \"${PODS_PODFILE_DIR_PATH}/Podfile.lock\" \"${PODS_ROOT}/Manifest.lock\" > /dev/null\nif [ $? != 0 ] ; then\n    # print error to STDERR\n    echo \"error: The sandbox is not in sync with the Podfile.lock. Run 'pod install' or update your CocoaPods installation.\" >&2\n    exit 1\nfi\n# This output is used by Xcode 'outputs' to avoid re-running this script phase.\necho \"SUCCESS\" > \"${SCRIPT_OUTPUT_FILE_0}\"\n";
			showEnvVarsInLog = 0;
		};
/* End PBXShellScriptBuildPhase section */

/* Begin PBXSourcesBuildPhase section */
		047E41452964A85D0003B288 /* Sources */ = {
			isa = PBXSourcesBuildPhase;
			buildActionMask = 2147483647;
			files = (
				04C240B62965E745007DFB3B /* Constants.swift in Sources */,
				044B424F296AF94800E233ED /* MyMessageTVCell.swift in Sources */,
				047E41512964A85D0003B288 /* MainVC.swift in Sources */,
				047E414D2964A85D0003B288 /* AppDelegate.swift in Sources */,
				047A6E8F2969EC2300E831BE /* Refrences.swift in Sources */,
				044B424D296AEBA700E233ED /* MessageVC.swift in Sources */,
				04C240B92965E74F007DFB3B /* FUser.swift in Sources */,
				044B4251296AFA9200E233ED /* MyFriendsMessageTVCell.swift in Sources */,
				048761232968A23900C331AA /* UserTVCell.swift in Sources */,
				044B4249296AE97500E233ED /* OutgoingMessages.swift in Sources */,
				047A6E902969EC2300E831BE /* FMessage.swift in Sources */,
				047A6E912969EC2300E831BE /* FRecent.swift in Sources */,
				047E414F2964A85D0003B288 /* SceneDelegate.swift in Sources */,
				04C240B72965E745007DFB3B /* HelperFunctions.swift in Sources */,
				047A6E922969EC2300E831BE /* FMessageType.swift in Sources */,
				048761252968A31700C331AA /* UsersVC.swift in Sources */,
			);
			runOnlyForDeploymentPostprocessing = 0;
		};
/* End PBXSourcesBuildPhase section */

/* Begin PBXVariantGroup section */
		047E41522964A85D0003B288 /* Main.storyboard */ = {
			isa = PBXVariantGroup;
			children = (
				047E41532964A85D0003B288 /* Base */,
			);
			name = Main.storyboard;
			sourceTree = "<group>";
		};
		047E41572964A85F0003B288 /* LaunchScreen.storyboard */ = {
			isa = PBXVariantGroup;
			children = (
				047E41582964A85F0003B288 /* Base */,
			);
			name = LaunchScreen.storyboard;
			sourceTree = "<group>";
		};
/* End PBXVariantGroup section */

/* Begin XCBuildConfiguration section */
		047E415B2964A85F0003B288 /* Debug */ = {
			isa = XCBuildConfiguration;
			buildSettings = {
				ALWAYS_SEARCH_USER_PATHS = NO;
				CLANG_ANALYZER_NONNULL = YES;
				CLANG_ANALYZER_NUMBER_OBJECT_CONVERSION = YES_AGGRESSIVE;
				CLANG_CXX_LANGUAGE_STANDARD = "gnu++17";
				CLANG_CXX_LIBRARY = "libc++";
				CLANG_ENABLE_MODULES = YES;
				CLANG_ENABLE_OBJC_ARC = YES;
				CLANG_ENABLE_OBJC_WEAK = YES;
				CLANG_WARN_BLOCK_CAPTURE_AUTORELEASING = YES;
				CLANG_WARN_BOOL_CONVERSION = YES;
				CLANG_WARN_COMMA = YES;
				CLANG_WARN_CONSTANT_CONVERSION = YES;
				CLANG_WARN_DEPRECATED_OBJC_IMPLEMENTATIONS = YES;
				CLANG_WARN_DIRECT_OBJC_ISA_USAGE = YES_ERROR;
				CLANG_WARN_DOCUMENTATION_COMMENTS = YES;
				CLANG_WARN_EMPTY_BODY = YES;
				CLANG_WARN_ENUM_CONVERSION = YES;
				CLANG_WARN_INFINITE_RECURSION = YES;
				CLANG_WARN_INT_CONVERSION = YES;
				CLANG_WARN_NON_LITERAL_NULL_CONVERSION = YES;
				CLANG_WARN_OBJC_IMPLICIT_RETAIN_SELF = YES;
				CLANG_WARN_OBJC_LITERAL_CONVERSION = YES;
				CLANG_WARN_OBJC_ROOT_CLASS = YES_ERROR;
				CLANG_WARN_QUOTED_INCLUDE_IN_FRAMEWORK_HEADER = YES;
				CLANG_WARN_RANGE_LOOP_ANALYSIS = YES;
				CLANG_WARN_STRICT_PROTOTYPES = YES;
				CLANG_WARN_SUSPICIOUS_MOVE = YES;
				CLANG_WARN_UNGUARDED_AVAILABILITY = YES_AGGRESSIVE;
				CLANG_WARN_UNREACHABLE_CODE = YES;
				CLANG_WARN__DUPLICATE_METHOD_MATCH = YES;
				COPY_PHASE_STRIP = NO;
				DEBUG_INFORMATION_FORMAT = dwarf;
				ENABLE_STRICT_OBJC_MSGSEND = YES;
				ENABLE_TESTABILITY = YES;
				GCC_C_LANGUAGE_STANDARD = gnu11;
				GCC_DYNAMIC_NO_PIC = NO;
				GCC_NO_COMMON_BLOCKS = YES;
				GCC_OPTIMIZATION_LEVEL = 0;
				GCC_PREPROCESSOR_DEFINITIONS = (
					"DEBUG=1",
					"$(inherited)",
				);
				GCC_WARN_64_TO_32_BIT_CONVERSION = YES;
				GCC_WARN_ABOUT_RETURN_TYPE = YES_ERROR;
				GCC_WARN_UNDECLARED_SELECTOR = YES;
				GCC_WARN_UNINITIALIZED_AUTOS = YES_AGGRESSIVE;
				GCC_WARN_UNUSED_FUNCTION = YES;
				GCC_WARN_UNUSED_VARIABLE = YES;
				IPHONEOS_DEPLOYMENT_TARGET = 15.2;
				MTL_ENABLE_DEBUG_INFO = INCLUDE_SOURCE;
				MTL_FAST_MATH = YES;
				ONLY_ACTIVE_ARCH = YES;
				SDKROOT = iphoneos;
				SWIFT_ACTIVE_COMPILATION_CONDITIONS = DEBUG;
				SWIFT_OPTIMIZATION_LEVEL = "-Onone";
			};
			name = Debug;
		};
		047E415C2964A85F0003B288 /* Release */ = {
			isa = XCBuildConfiguration;
			buildSettings = {
				ALWAYS_SEARCH_USER_PATHS = NO;
				CLANG_ANALYZER_NONNULL = YES;
				CLANG_ANALYZER_NUMBER_OBJECT_CONVERSION = YES_AGGRESSIVE;
				CLANG_CXX_LANGUAGE_STANDARD = "gnu++17";
				CLANG_CXX_LIBRARY = "libc++";
				CLANG_ENABLE_MODULES = YES;
				CLANG_ENABLE_OBJC_ARC = YES;
				CLANG_ENABLE_OBJC_WEAK = YES;
				CLANG_WARN_BLOCK_CAPTURE_AUTORELEASING = YES;
				CLANG_WARN_BOOL_CONVERSION = YES;
				CLANG_WARN_COMMA = YES;
				CLANG_WARN_CONSTANT_CONVERSION = YES;
				CLANG_WARN_DEPRECATED_OBJC_IMPLEMENTATIONS = YES;
				CLANG_WARN_DIRECT_OBJC_ISA_USAGE = YES_ERROR;
				CLANG_WARN_DOCUMENTATION_COMMENTS = YES;
				CLANG_WARN_EMPTY_BODY = YES;
				CLANG_WARN_ENUM_CONVERSION = YES;
				CLANG_WARN_INFINITE_RECURSION = YES;
				CLANG_WARN_INT_CONVERSION = YES;
				CLANG_WARN_NON_LITERAL_NULL_CONVERSION = YES;
				CLANG_WARN_OBJC_IMPLICIT_RETAIN_SELF = YES;
				CLANG_WARN_OBJC_LITERAL_CONVERSION = YES;
				CLANG_WARN_OBJC_ROOT_CLASS = YES_ERROR;
				CLANG_WARN_QUOTED_INCLUDE_IN_FRAMEWORK_HEADER = YES;
				CLANG_WARN_RANGE_LOOP_ANALYSIS = YES;
				CLANG_WARN_STRICT_PROTOTYPES = YES;
				CLANG_WARN_SUSPICIOUS_MOVE = YES;
				CLANG_WARN_UNGUARDED_AVAILABILITY = YES_AGGRESSIVE;
				CLANG_WARN_UNREACHABLE_CODE = YES;
				CLANG_WARN__DUPLICATE_METHOD_MATCH = YES;
				COPY_PHASE_STRIP = NO;
				DEBUG_INFORMATION_FORMAT = "dwarf-with-dsym";
				ENABLE_NS_ASSERTIONS = NO;
				ENABLE_STRICT_OBJC_MSGSEND = YES;
				GCC_C_LANGUAGE_STANDARD = gnu11;
				GCC_NO_COMMON_BLOCKS = YES;
				GCC_WARN_64_TO_32_BIT_CONVERSION = YES;
				GCC_WARN_ABOUT_RETURN_TYPE = YES_ERROR;
				GCC_WARN_UNDECLARED_SELECTOR = YES;
				GCC_WARN_UNINITIALIZED_AUTOS = YES_AGGRESSIVE;
				GCC_WARN_UNUSED_FUNCTION = YES;
				GCC_WARN_UNUSED_VARIABLE = YES;
				IPHONEOS_DEPLOYMENT_TARGET = 15.2;
				MTL_ENABLE_DEBUG_INFO = NO;
				MTL_FAST_MATH = YES;
				SDKROOT = iphoneos;
				SWIFT_COMPILATION_MODE = wholemodule;
				SWIFT_OPTIMIZATION_LEVEL = "-O";
				VALIDATE_PRODUCT = YES;
			};
			name = Release;
		};
		047E415E2964A85F0003B288 /* Debug */ = {
			isa = XCBuildConfiguration;
			baseConfigurationReference = 0A1083DD0B0C26EE6F1FECD1 /* Pods-Chat-Bee.debug.xcconfig */;
			buildSettings = {
				ASSETCATALOG_COMPILER_APPICON_NAME = AppIcon;
				ASSETCATALOG_COMPILER_GLOBAL_ACCENT_COLOR_NAME = AccentColor;
				CODE_SIGN_STYLE = Automatic;
				CURRENT_PROJECT_VERSION = 1;
				DEVELOPMENT_TEAM = 3YH7W423PK;
				GENERATE_INFOPLIST_FILE = YES;
				INFOPLIST_FILE = "Chat-Bee/Info.plist";
				INFOPLIST_KEY_UIApplicationSupportsIndirectInputEvents = YES;
				INFOPLIST_KEY_UILaunchStoryboardName = LaunchScreen;
				INFOPLIST_KEY_UIMainStoryboardFile = Main;
				INFOPLIST_KEY_UISupportedInterfaceOrientations_iPad = "UIInterfaceOrientationPortrait UIInterfaceOrientationPortraitUpsideDown UIInterfaceOrientationLandscapeLeft UIInterfaceOrientationLandscapeRight";
				INFOPLIST_KEY_UISupportedInterfaceOrientations_iPhone = "UIInterfaceOrientationPortrait UIInterfaceOrientationLandscapeLeft UIInterfaceOrientationLandscapeRight";
				IPHONEOS_DEPLOYMENT_TARGET = 15.2;
				LD_RUNPATH_SEARCH_PATHS = (
					"$(inherited)",
					"@executable_path/Frameworks",
				);
				MARKETING_VERSION = 1.0;
				PRODUCT_BUNDLE_IDENTIFIER = "com.abdulrahman.Chat-Bee";
				PRODUCT_NAME = "$(TARGET_NAME)";
				SWIFT_EMIT_LOC_STRINGS = YES;
				SWIFT_VERSION = 5.0;
				TARGETED_DEVICE_FAMILY = "1,2";
			};
			name = Debug;
		};
		047E415F2964A85F0003B288 /* Release */ = {
			isa = XCBuildConfiguration;
			baseConfigurationReference = A602684684FC40D4F33100B2 /* Pods-Chat-Bee.release.xcconfig */;
			buildSettings = {
				ASSETCATALOG_COMPILER_APPICON_NAME = AppIcon;
				ASSETCATALOG_COMPILER_GLOBAL_ACCENT_COLOR_NAME = AccentColor;
				CODE_SIGN_STYLE = Automatic;
				CURRENT_PROJECT_VERSION = 1;
				DEVELOPMENT_TEAM = 3YH7W423PK;
				GENERATE_INFOPLIST_FILE = YES;
				INFOPLIST_FILE = "Chat-Bee/Info.plist";
				INFOPLIST_KEY_UIApplicationSupportsIndirectInputEvents = YES;
				INFOPLIST_KEY_UILaunchStoryboardName = LaunchScreen;
				INFOPLIST_KEY_UIMainStoryboardFile = Main;
				INFOPLIST_KEY_UISupportedInterfaceOrientations_iPad = "UIInterfaceOrientationPortrait UIInterfaceOrientationPortraitUpsideDown UIInterfaceOrientationLandscapeLeft UIInterfaceOrientationLandscapeRight";
				INFOPLIST_KEY_UISupportedInterfaceOrientations_iPhone = "UIInterfaceOrientationPortrait UIInterfaceOrientationLandscapeLeft UIInterfaceOrientationLandscapeRight";
				IPHONEOS_DEPLOYMENT_TARGET = 15.2;
				LD_RUNPATH_SEARCH_PATHS = (
					"$(inherited)",
					"@executable_path/Frameworks",
				);
				MARKETING_VERSION = 1.0;
				PRODUCT_BUNDLE_IDENTIFIER = "com.abdulrahman.Chat-Bee";
				PRODUCT_NAME = "$(TARGET_NAME)";
				SWIFT_EMIT_LOC_STRINGS = YES;
				SWIFT_VERSION = 5.0;
				TARGETED_DEVICE_FAMILY = "1,2";
			};
			name = Release;
		};
/* End XCBuildConfiguration section */

/* Begin XCConfigurationList section */
		047E41442964A85D0003B288 /* Build configuration list for PBXProject "Chat-Bee" */ = {
			isa = XCConfigurationList;
			buildConfigurations = (
				047E415B2964A85F0003B288 /* Debug */,
				047E415C2964A85F0003B288 /* Release */,
			);
			defaultConfigurationIsVisible = 0;
			defaultConfigurationName = Release;
		};
		047E415D2964A85F0003B288 /* Build configuration list for PBXNativeTarget "Chat-Bee" */ = {
			isa = XCConfigurationList;
			buildConfigurations = (
				047E415E2964A85F0003B288 /* Debug */,
				047E415F2964A85F0003B288 /* Release */,
			);
			defaultConfigurationIsVisible = 0;
			defaultConfigurationName = Release;
		};
/* End XCConfigurationList section */
	};
	rootObject = 047E41412964A85D0003B288 /* Project object */;
}
